
Microsoft Visual Studio Solution File, Format Version 12.00
Project("{FAE04EC0-301F-11D3-BF4B-00C04F79EFBC}") = "Demo-Singleton", "Demo-Singleton\Demo-Singleton.csproj", "{BD695C65-EB3B-4AC9-A0D0-162F636CCC84}"
EndProject
Project("{FAE04EC0-301F-11D3-BF4B-00C04F79EFBC}") = "Strassen-Matrix-Multiplication", "Strassen-Matrix-Multiplication\Strassen-Matrix-Multiplication.csproj", "{71D1CDFB-E013-4F4C-8A61-DE2EF1065D4C}"
EndProject
Global
	GlobalSection(SolutionConfigurationPlatforms) = preSolution
		Debug|Any CPU = Debug|Any CPU
		Release|Any CPU = Release|Any CPU
	EndGlobalSection
	GlobalSection(ProjectConfigurationPlatforms) = postSolution
		{BD695C65-EB3B-4AC9-A0D0-162F636CCC84}.Debug|Any CPU.ActiveCfg = Debug|Any CPU
		{BD695C65-EB3B-4AC9-A0D0-162F636CCC84}.Debug|Any CPU.Build.0 = Debug|Any CPU
		{BD695C65-EB3B-4AC9-A0D0-162F636CCC84}.Release|Any CPU.ActiveCfg = Release|Any CPU
		{BD695C65-EB3B-4AC9-A0D0-162F636CCC84}.Release|Any CPU.Build.0 = Release|Any CPU
		{71D1CDFB-E013-4F4C-8A61-DE2EF1065D4C}.Debug|Any CPU.ActiveCfg = Debug|Any CPU
		{71D1CDFB-E013-4F4C-8A61-DE2EF1065D4C}.Debug|Any CPU.Build.0 = Debug|Any CPU
		{71D1CDFB-E013-4F4C-8A61-DE2EF1065D4C}.Release|Any CPU.ActiveCfg = Release|Any CPU
		{71D1CDFB-E013-4F4C-8A61-DE2EF1065D4C}.Release|Any CPU.Build.0 = Release|Any CPU
	EndGlobalSection
EndGlobal
