
Microsoft Visual Studio Solution File, Format Version 12.00
# Visual Studio Version 17
VisualStudioVersion = 17.9.34723.18
MinimumVisualStudioVersion = 10.0.40219.1
Project("{FAE04EC0-301F-11D3-BF4B-00C04F79EFBC}") = "LH_Shop", "LH_Shop.csproj", "{C33D04FB-8772-41B1-B402-C2D38E0DECBA}"
EndProject
Global
	GlobalSection(SolutionConfigurationPlatforms) = preSolution
		Debug|Any CPU = Debug|Any CPU
		Release|Any CPU = Release|Any CPU
	EndGlobalSection
	GlobalSection(ProjectConfigurationPlatforms) = postSolution
		{C33D04FB-8772-41B1-B402-C2D38E0DECBA}.Debug|Any CPU.ActiveCfg = Debug|Any CPU
		{C33D04FB-8772-41B1-B402-C2D38E0DECBA}.Debug|Any CPU.Build.0 = Debug|Any CPU
		{C33D04FB-8772-41B1-B402-C2D38E0DECBA}.Release|Any CPU.ActiveCfg = Release|Any CPU
		{C33D04FB-8772-41B1-B402-C2D38E0DECBA}.Release|Any CPU.Build.0 = Release|Any CPU
	EndGlobalSection
	GlobalSection(SolutionProperties) = preSolution
		HideSolutionNode = FALSE
	EndGlobalSection
	GlobalSection(ExtensibilityGlobals) = postSolution
		SolutionGuid = {E8DD440D-08EB-49CE-B651-AE3A57C9A4C1}
	EndGlobalSection
EndGlobal
